
Microsoft Visual Studio Solution File, Format Version 12.00
# Visual Studio Version 16
VisualStudioVersion = 16.0.31129.286
MinimumVisualStudioVersion = 10.0.40219.1
Project("{FAE04EC0-301F-11D3-BF4B-00C04F79EFBC}") = "WinFormsAppLaboratoriaProg4_zad1oraz2", "WinFormsAppLaboratoriaProg4_zad1oraz2\WinFormsAppLaboratoriaProg4_zad1oraz2.csproj", "{8F5B16D3-2A94-4E79-8A85-E0C1C9AB41F4}"
EndProject
Global
	GlobalSection(SolutionConfigurationPlatforms) = preSolution
		Debug|Any CPU = Debug|Any CPU
		Release|Any CPU = Release|Any CPU
	EndGlobalSection
	GlobalSection(ProjectConfigurationPlatforms) = postSolution
		{8F5B16D3-2A94-4E79-8A85-E0C1C9AB41F4}.Debug|Any CPU.ActiveCfg = Debug|Any CPU
		{8F5B16D3-2A94-4E79-8A85-E0C1C9AB41F4}.Debug|Any CPU.Build.0 = Debug|Any CPU
		{8F5B16D3-2A94-4E79-8A85-E0C1C9AB41F4}.Release|Any CPU.ActiveCfg = Release|Any CPU
		{8F5B16D3-2A94-4E79-8A85-E0C1C9AB41F4}.Release|Any CPU.Build.0 = Release|Any CPU
	EndGlobalSection
	GlobalSection(SolutionProperties) = preSolution
		HideSolutionNode = FALSE
	EndGlobalSection
	GlobalSection(ExtensibilityGlobals) = postSolution
		SolutionGuid = {7BD240BE-C01A-42CE-AB6A-2D198567C870}
	EndGlobalSection
EndGlobal
